
Microsoft Visual Studio Solution File, Format Version 12.00
# Visual Studio Version 17
VisualStudioVersion = 17.11.35327.3
MinimumVisualStudioVersion = 10.0.40219.1
Project("{FAE04EC0-301F-11D3-BF4B-00C04F79EFBC}") = "pravilno reshenie", "pravilno reshenie\pravilno reshenie.csproj", "{9C885EA7-D8CA-42FB-AFAF-B84865CD1720}"
EndProject
Global
	GlobalSection(SolutionConfigurationPlatforms) = preSolution
		Debug|Any CPU = Debug|Any CPU
		Release|Any CPU = Release|Any CPU
	EndGlobalSection
	GlobalSection(ProjectConfigurationPlatforms) = postSolution
		{9C885EA7-D8CA-42FB-AFAF-B84865CD1720}.Debug|Any CPU.ActiveCfg = Debug|Any CPU
		{9C885EA7-D8CA-42FB-AFAF-B84865CD1720}.Debug|Any CPU.Build.0 = Debug|Any CPU
		{9C885EA7-D8CA-42FB-AFAF-B84865CD1720}.Release|Any CPU.ActiveCfg = Release|Any CPU
		{9C885EA7-D8CA-42FB-AFAF-B84865CD1720}.Release|Any CPU.Build.0 = Release|Any CPU
	EndGlobalSection
	GlobalSection(SolutionProperties) = preSolution
		HideSolutionNode = FALSE
	EndGlobalSection
	GlobalSection(ExtensibilityGlobals) = postSolution
		SolutionGuid = {5BC21E8C-D96D-4DA0-BED2-70E048A8F8EA}
	EndGlobalSection
EndGlobal
